<?xml version="1.0" encoding="utf-8"?>
<Project xmlns="http://schemas.microsoft.com/developer/msbuild/2003">
  <ItemGroup>
    <Filter Include="Generated Files">
      <UniqueIdentifier>{71ED8ED8-ACB9-4CE9-BBE1-E00B30144E11}</UniqueIdentifier>
      <Extensions>cpp;c;cxx;moc;h;def;odl;idl;res;</Extensions>
    </Filter>
    <Filter Include="Generated Files">
      <UniqueIdentifier>{71ED8ED8-ACB9-4CE9-BBE1-E00B30144E11}</UniqueIdentifier>
      <Extensions>cpp;c;cxx;moc;h;def;odl;idl;res;</Extensions>
    </Filter>
    <Filter Include="Source Files">
      <UniqueIdentifier>{4FC737F1-C7A5-4376-A066-2A32D752A2FF}</UniqueIdentifier>
      <Extensions>cpp;c;cxx;def;odl;idl;hpj;bat;asm;asmx</Extensions>
    </Filter>
    <Filter Include="Source Files">
      <UniqueIdentifier>{4FC737F1-C7A5-4376-A066-2A32D752A2FF}</UniqueIdentifier>
      <Extensions>cpp;c;cxx;def;odl;idl;hpj;bat;asm;asmx</Extensions>
    </Filter>
    <Filter Include="Header Files">
      <UniqueIdentifier>{93995380-89BD-4b04-88EB-625FBE52EBFB}</UniqueIdentifier>
      <Extensions>h;hh;hpp;hxx;hm;inl;inc;xsd</Extensions>
      <ParseFiles>true</ParseFiles>
    </Filter>
    <Filter Include="Header Files\util">
      <UniqueIdentifier>{eff8d7a4-ce18-4ef5-8de3-53020efa9648}</UniqueIdentifier>
    </Filter>
    <Filter Include="Header Files\config">
      <UniqueIdentifier>{23bd89f8-c4d8-4c9b-9571-b0f69660f4b0}</UniqueIdentifier>
    </Filter>
    <Filter Include="Source Files\config">
      <UniqueIdentifier>{0baea7c0-c61c-4a1d-a8a7-c874e5fb157e}</UniqueIdentifier>
    </Filter>
    <Filter Include="Source Files\util">
      <UniqueIdentifier>{682b2aac-14a7-4bef-8cee-1130c1d6ce4d}</UniqueIdentifier>
    </Filter>
    <Filter Include="Source Files\logging">
      <UniqueIdentifier>{f639eb7b-a75e-4b89-8cde-546767b5b175}</UniqueIdentifier>
    </Filter>
    <Filter Include="Header Files\logging">
      <UniqueIdentifier>{b39e9eba-9a2e-467a-85ec-0ec6d59daf88}</UniqueIdentifier>
    </Filter>
    <Filter Include="Header Files\devices">
      <UniqueIdentifier>{20613a8d-618d-4ac1-99d0-5099a654ae8d}</UniqueIdentifier>
    </Filter>
    <Filter Include="Source Files\devices">
      <UniqueIdentifier>{8f7a34db-1f46-425d-8042-fe73d7761efa}</UniqueIdentifier>
    </Filter>
    <Filter Include="Header Files\devices\connector">
      <UniqueIdentifier>{2bf456ee-3cd9-451d-9791-ec5b48162312}</UniqueIdentifier>
    </Filter>
    <Filter Include="Source Files\devices\connector">
      <UniqueIdentifier>{86aa5e88-ee70-40cf-91ee-3d1cb7473ac2}</UniqueIdentifier>
    </Filter>
    <Filter Include="Source Files\ui">
      <UniqueIdentifier>{0d2b483e-a414-41d8-b4c4-d75e808eb2a9}</UniqueIdentifier>
    </Filter>
    <Filter Include="Form Files">
      <UniqueIdentifier>{99349809-55BA-4b9d-BF79-8FDBB0286EB3}</UniqueIdentifier>
      <Extensions>ui</Extensions>
      <ParseFiles>true</ParseFiles>
    </Filter>
    <Filter Include="Header Files\ui">
      <UniqueIdentifier>{632b84bf-0447-4689-937b-8fadb5abc1a6}</UniqueIdentifier>
    </Filter>
    <Filter Include="Resource Files">
      <UniqueIdentifier>{D9D6E242-F8AF-46E4-B9FD-80ECBC20BA3E}</UniqueIdentifier>
      <Extensions>qrc;*</Extensions>
      <ParseFiles>false</ParseFiles>
    </Filter>
    <Filter Include="Source Files\ui\widgets">
      <UniqueIdentifier>{1043991d-e062-4d4c-b014-4ba80b848738}</UniqueIdentifier>
    </Filter>
    <Filter Include="Header Files\ui\widgets">
      <UniqueIdentifier>{f69dc803-58c7-45ce-9bf7-7fb488780e20}</UniqueIdentifier>
    </Filter>
    <Filter Include="Source Files\devices\plc">
      <UniqueIdentifier>{5e3934ac-3327-430f-97b5-61ada0546a4f}</UniqueIdentifier>
    </Filter>
    <Filter Include="Header Files\devices\plc">
      <UniqueIdentifier>{e2f79067-c194-4ebb-ada1-819a355bdae1}</UniqueIdentifier>
    </Filter>
  </ItemGroup>
  <ItemGroup>
    <ClCompile Include="..\src\config\config.cpp">
      <Filter>Source Files\config</Filter>
    </ClCompile>
    <ClCompile Include="..\src\config\config_file.cpp">
      <Filter>Source Files\config</Filter>
    </ClCompile>
    <ClCompile Include="..\src\config\config_manager.cpp">
      <Filter>Source Files\config</Filter>
    </ClCompile>
    <ClCompile Include="..\src\config\segment.cpp">
      <Filter>Source Files\config</Filter>
    </ClCompile>
    <ClCompile Include="..\src\util\util.cpp">
      <Filter>Source Files\util</Filter>
    </ClCompile>
    <ClCompile Include="..\src\util\util_strings.cpp">
      <Filter>Source Files\util</Filter>
    </ClCompile>
    <ClCompile Include="..\src\logging\logging.cpp">
      <Filter>Source Files\logging</Filter>
    </ClCompile>
    <ClCompile Include="..\src\devices\connector\serial_connector.cpp">
      <Filter>Source Files\devices\connector</Filter>
    </ClCompile>
    <ClCompile Include="..\src\main.cpp">
      <Filter>Source Files</Filter>
    </ClCompile>
    <ClCompile Include="..\src\devices\cesar_generator.cpp">
      <Filter>Source Files\devices</Filter>
    </ClCompile>
    <ClCompile Include="..\src\devices\hofi_switch.cpp">
      <Filter>Source Files\devices</Filter>
    </ClCompile>
    <ClCompile Include="..\src\devices\kjl_generator.cpp">
      <Filter>Source Files\devices</Filter>
    </ClCompile>
    <ClCompile Include="..\src\util\base64.cpp">
      <Filter>Source Files\util</Filter>
    </ClCompile>
    <ClCompile Include="..\src\ui\mainwindow.cpp">
      <Filter>Source Files\ui</Filter>
    </ClCompile>
    <ClCompile Include="..\src\ui\widgets\busyindicator.cpp">
      <Filter>Source Files\ui\widgets</Filter>
    </ClCompile>
    <ClCompile Include="..\src\ui\widgets\ledindicator.cpp">
      <Filter>Source Files\ui\widgets</Filter>
    </ClCompile>
    <ClCompile Include="..\src\ui\widgets\uvwarning.cpp">
      <Filter>Source Files\ui\widgets</Filter>
    </ClCompile>
    <ClCompile Include="..\src\devices\plc\s7.cpp">
      <Filter>Source Files\devices\plc</Filter>
    </ClCompile>
    <ClCompile Include="..\src\devices\connector\ethernet_connector.cpp">
      <Filter>Source Files\devices\connector</Filter>
    </ClCompile>
    <ClCompile Include="..\src\devices\device.cpp">
      <Filter>Source Files\devices</Filter>
    </ClCompile>
  </ItemGroup>
  <ItemGroup>
    <CustomBuild Include="debug\moc_predefs.h.cbt">
      <Filter>Generated Files</Filter>
    </CustomBuild>
    <CustomBuild Include="release\moc_predefs.h.cbt">
      <Filter>Generated Files</Filter>
    </CustomBuild>
  </ItemGroup>
  <ItemGroup>
    <ClInclude Include="..\src\app_config.h">
      <Filter>Header Files</Filter>
    </ClInclude>
    <ClInclude Include="..\src\util\util.h">
      <Filter>Header Files\util</Filter>
    </ClInclude>
    <ClInclude Include="..\src\util\util_strings.h">
      <Filter>Header Files\util</Filter>
    </ClInclude>
    <ClInclude Include="..\src\config\config.h">
      <Filter>Header Files\config</Filter>
    </ClInclude>
    <ClInclude Include="..\src\config\config_file.h">
      <Filter>Header Files\config</Filter>
    </ClInclude>
    <ClInclude Include="..\src\config\config_manager.h">
      <Filter>Header Files\config</Filter>
    </ClInclude>
    <ClInclude Include="..\src\config\segment.h">
      <Filter>Header Files\config</Filter>
    </ClInclude>
    <ClInclude Include="..\src\stacktrace.h">
      <Filter>Header Files</Filter>
    </ClInclude>
    <ClInclude Include="..\src\logging\logging.h">
      <Filter>Header Files\logging</Filter>
    </ClInclude>
    <ClInclude Include="..\src\util\to_string.h">
      <Filter>Header Files\util</Filter>
    </ClInclude>
    <ClInclude Include="..\src\util\type_conversion.h">
      <Filter>Header Files\util</Filter>
    </ClInclude>
    <ClInclude Include="..\src\devices\connector\connector.h">
      <Filter>Header Files\devices\connector</Filter>
    </ClInclude>
    <ClInclude Include="..\src\util\base64.h">
      <Filter>Header Files\util</Filter>
    </ClInclude>
    <ClInclude Include="resource.h">
      <Filter>Generated Files</Filter>
    </ClInclude>
    <ClInclude Include="..\src\devices\plc\db.h">
      <Filter>Header Files\devices\plc</Filter>
    </ClInclude>
    <ClInclude Include="..\src\devices\plc\state.h">
      <Filter>Header Files\devices\plc</Filter>
    </ClInclude>
    <ClInclude Include="..\src\devices\plc\nodave_wrapper.h">
      <Filter>Header Files\devices\plc</Filter>
    </ClInclude>
  </ItemGroup>
  <ItemGroup>
    <QtMoc Include="..\src\devices\connector\serial_connector.h">
      <Filter>Header Files\devices\connector</Filter>
    </QtMoc>
    <QtMoc Include="..\src\devices\connector\base_connector.h">
      <Filter>Header Files\devices\connector</Filter>
    </QtMoc>
    <QtMoc Include="..\src\ui\mainwindow.h">
      <Filter>Header Files\ui</Filter>
    </QtMoc>
    <QtMoc Include="..\src\ui\widgets\busyindicator.h">
      <Filter>Header Files\ui\widgets</Filter>
    </QtMoc>
    <QtMoc Include="..\src\ui\widgets\ledindicator.h">
      <Filter>Header Files\ui\widgets</Filter>
    </QtMoc>
    <QtMoc Include="..\src\ui\widgets\uvwarning.h">
      <Filter>Header Files\ui\widgets</Filter>
    </QtMoc>
    <QtMoc Include="..\src\devices\plc\s7.h">
      <Filter>Header Files\devices\plc</Filter>
    </QtMoc>
    <QtMoc Include="..\src\devices\connector\ethernet_connector.h">
      <Filter>Header Files\devices\connector</Filter>
    </QtMoc>
    <QtMoc Include="..\src\devices\hofi_switch.h">
      <Filter>Header Files\devices</Filter>
    </QtMoc>
    <QtMoc Include="..\src\devices\device.h">
      <Filter>Header Files\devices</Filter>
    </QtMoc>
    <QtMoc Include="..\src\devices\kjl_generator.h">
      <Filter>Header Files\devices</Filter>
    </QtMoc>
    <QtMoc Include="..\src\devices\rf_generator.h">
      <Filter>Header Files\devices</Filter>
    </QtMoc>
    <QtMoc Include="..\src\devices\rf_switch.h">
      <Filter>Header Files\devices</Filter>
    </QtMoc>
    <QtMoc Include="..\src\devices\cesar_generator.h">
      <Filter>Header Files\devices</Filter>
    </QtMoc>
  </ItemGroup>
  <ItemGroup>
    <QtUic Include="..\src\ui\mainwindow.ui">
      <Filter>Form Files</Filter>
    </QtUic>
  </ItemGroup>
  <ItemGroup>
    <ResourceCompile Include="sputterautomation.rc" />
  </ItemGroup>
  <ItemGroup>
    <QtRcc Include="..\resources\resources.qrc">
      <Filter>Resource Files</Filter>
    </QtRcc>
  </ItemGroup>
</Project>