<?xml version="1.0" encoding="utf-8"?>
<Project xmlns="http://schemas.microsoft.com/developer/msbuild/2003">
  <ItemGroup>
    <Filter Include="Generated Files">
      <UniqueIdentifier>{71ED8ED8-ACB9-4CE9-BBE1-E00B30144E11}</UniqueIdentifier>
      <Extensions>cpp;c;cxx;moc;h;def;odl;idl;res;</Extensions>
    </Filter>
    <Filter Include="Generated Files">
      <UniqueIdentifier>{71ED8ED8-ACB9-4CE9-BBE1-E00B30144E11}</UniqueIdentifier>
      <Extensions>cpp;c;cxx;moc;h;def;odl;idl;res;</Extensions>
    </Filter>
    <Filter Include="Source Files">
      <UniqueIdentifier>{4FC737F1-C7A5-4376-A066-2A32D752A2FF}</UniqueIdentifier>
      <Extensions>cpp;c;cxx;def;odl;idl;hpj;bat;asm;asmx</Extensions>
    </Filter>
    <Filter Include="Source Files">
      <UniqueIdentifier>{4FC737F1-C7A5-4376-A066-2A32D752A2FF}</UniqueIdentifier>
      <Extensions>cpp;c;cxx;def;odl;idl;hpj;bat;asm;asmx</Extensions>
    </Filter>
    <Filter Include="Header Files">
      <UniqueIdentifier>{5f2feef9-45a4-423b-a871-bbb8468f0ae5}</UniqueIdentifier>
    </Filter>
    <Filter Include="Header Files\util">
      <UniqueIdentifier>{eff8d7a4-ce18-4ef5-8de3-53020efa9648}</UniqueIdentifier>
    </Filter>
    <Filter Include="Header Files\config">
      <UniqueIdentifier>{23bd89f8-c4d8-4c9b-9571-b0f69660f4b0}</UniqueIdentifier>
    </Filter>
    <Filter Include="Source Files\config">
      <UniqueIdentifier>{0baea7c0-c61c-4a1d-a8a7-c874e5fb157e}</UniqueIdentifier>
    </Filter>
    <Filter Include="Source Files\util">
      <UniqueIdentifier>{682b2aac-14a7-4bef-8cee-1130c1d6ce4d}</UniqueIdentifier>
    </Filter>
    <Filter Include="Source Files\logging">
      <UniqueIdentifier>{f639eb7b-a75e-4b89-8cde-546767b5b175}</UniqueIdentifier>
    </Filter>
    <Filter Include="Header Files\logging">
      <UniqueIdentifier>{b39e9eba-9a2e-467a-85ec-0ec6d59daf88}</UniqueIdentifier>
    </Filter>
  </ItemGroup>
  <ItemGroup>
    <ClCompile Include="..\src\main.cpp">
      <Filter>Source Files</Filter>
    </ClCompile>
    <ClCompile Include="..\src\config\config.cpp">
      <Filter>Source Files\config</Filter>
    </ClCompile>
    <ClCompile Include="..\src\config\config_file.cpp">
      <Filter>Source Files\config</Filter>
    </ClCompile>
    <ClCompile Include="..\src\config\config_manager.cpp">
      <Filter>Source Files\config</Filter>
    </ClCompile>
    <ClCompile Include="..\src\config\segment.cpp">
      <Filter>Source Files\config</Filter>
    </ClCompile>
    <ClCompile Include="..\src\util\util.cpp">
      <Filter>Source Files\util</Filter>
    </ClCompile>
    <ClCompile Include="..\src\util\util_strings.cpp">
      <Filter>Source Files\util</Filter>
    </ClCompile>
    <ClCompile Include="..\src\logging\logging.cpp">
      <Filter>Source Files\logging</Filter>
    </ClCompile>
  </ItemGroup>
  <ItemGroup>
    <CustomBuild Include="debug\moc_predefs.h.cbt">
      <Filter>Generated Files</Filter>
    </CustomBuild>
    <CustomBuild Include="release\moc_predefs.h.cbt">
      <Filter>Generated Files</Filter>
    </CustomBuild>
  </ItemGroup>
  <ItemGroup>
    <ClInclude Include="..\src\app_config.h">
      <Filter>Header Files</Filter>
    </ClInclude>
    <ClInclude Include="..\src\util\util.h">
      <Filter>Header Files\util</Filter>
    </ClInclude>
    <ClInclude Include="..\src\util\util_strings.h">
      <Filter>Header Files\util</Filter>
    </ClInclude>
    <ClInclude Include="..\src\config\config.h">
      <Filter>Header Files\config</Filter>
    </ClInclude>
    <ClInclude Include="..\src\config\config_file.h">
      <Filter>Header Files\config</Filter>
    </ClInclude>
    <ClInclude Include="..\src\config\config_manager.h">
      <Filter>Header Files\config</Filter>
    </ClInclude>
    <ClInclude Include="..\src\config\segment.h">
      <Filter>Header Files\config</Filter>
    </ClInclude>
    <ClInclude Include="..\src\stacktrace.h">
      <Filter>Header Files</Filter>
    </ClInclude>
    <ClInclude Include="..\src\logging\logging.h">
      <Filter>Header Files\logging</Filter>
    </ClInclude>
    <ClInclude Include="..\src\util\to_string.h">
      <Filter>Header Files\util</Filter>
    </ClInclude>
    <ClInclude Include="..\src\util\type_conversion.h">
      <Filter>Header Files\util</Filter>
    </ClInclude>
  </ItemGroup>
</Project>